// !$*UTF8*$!
{
	archiveVersion = 1;
	classes = {
	};
	objectVersion = 46;
	objects = {

/* Begin PBXBuildFile section */
		37B93230C34C2FED28C786B8 /* Pods_SocialLoginTests.framework in Frameworks */ = {isa = PBXBuildFile; fileRef = 1F76D53A0ADBB5A88FCC7766 /* Pods_SocialLoginTests.framework */; };
		54A6C9401E916FB40099F747 /* FeedTableViewController.swift in Sources */ = {isa = PBXBuildFile; fileRef = 54A6C93F1E916FB40099F747 /* FeedTableViewController.swift */; };
		54A6C9421E9176820099F747 /* Feed.swift in Sources */ = {isa = PBXBuildFile; fileRef = 54A6C9411E9176820099F747 /* Feed.swift */; };
		54B0A7F41E8D95BC00C5BE7D /* FeedTableViewCell.swift in Sources */ = {isa = PBXBuildFile; fileRef = 54B0A7F31E8D95BC00C5BE7D /* FeedTableViewCell.swift */; };
		54E429E61E9164370071711C /* Constants.swift in Sources */ = {isa = PBXBuildFile; fileRef = 54E429E51E9164370071711C /* Constants.swift */; };
		C935430D1E773398000A6B3E /* User.swift in Sources */ = {isa = PBXBuildFile; fileRef = C935430C1E773398000A6B3E /* User.swift */; };
		C9A2DC8A1E92DDE100147DC7 /* GoogleService-Info.plist in Resources */ = {isa = PBXBuildFile; fileRef = C9A2DC891E92DDE100147DC7 /* GoogleService-Info.plist */; };
		C9B440181E56453500EAD8C8 /* AppDelegate.swift in Sources */ = {isa = PBXBuildFile; fileRef = C9B440171E56453500EAD8C8 /* AppDelegate.swift */; };
		C9B4401A1E56453500EAD8C8 /* ViewController.swift in Sources */ = {isa = PBXBuildFile; fileRef = C9B440191E56453500EAD8C8 /* ViewController.swift */; };
		C9B4401D1E56453500EAD8C8 /* Main.storyboard in Resources */ = {isa = PBXBuildFile; fileRef = C9B4401B1E56453500EAD8C8 /* Main.storyboard */; };
		C9B4401F1E56453500EAD8C8 /* Assets.xcassets in Resources */ = {isa = PBXBuildFile; fileRef = C9B4401E1E56453500EAD8C8 /* Assets.xcassets */; };
		C9B440221E56453500EAD8C8 /* LaunchScreen.storyboard in Resources */ = {isa = PBXBuildFile; fileRef = C9B440201E56453500EAD8C8 /* LaunchScreen.storyboard */; };
		C9B4402D1E56453500EAD8C8 /* SocialLoginTests.swift in Sources */ = {isa = PBXBuildFile; fileRef = C9B4402C1E56453500EAD8C8 /* SocialLoginTests.swift */; };
		C9CFD7F61E799B8B00E9A038 /* SharedManager.swift in Sources */ = {isa = PBXBuildFile; fileRef = C9CFD7F51E799B8B00E9A038 /* SharedManager.swift */; };
		C9CFD7F81E799F9B00E9A038 /* UserInformationTableViewController.swift in Sources */ = {isa = PBXBuildFile; fileRef = C9CFD7F71E799F9B00E9A038 /* UserInformationTableViewController.swift */; };
		C9CFD7FA1E79A02400E9A038 /* UserInformationTableViewCell.swift in Sources */ = {isa = PBXBuildFile; fileRef = C9CFD7F91E79A02400E9A038 /* UserInformationTableViewCell.swift */; };
		F0FD75BD788363C4047DB1AE /* Pods_SocialLogin.framework in Frameworks */ = {isa = PBXBuildFile; fileRef = 04F1D4E417313089BD002261 /* Pods_SocialLogin.framework */; };
/* End PBXBuildFile section */

/* Begin PBXContainerItemProxy section */
		C9B440291E56453500EAD8C8 /* PBXContainerItemProxy */ = {
			isa = PBXContainerItemProxy;
			containerPortal = C9B4400C1E56453400EAD8C8 /* Project object */;
			proxyType = 1;
			remoteGlobalIDString = C9B440131E56453500EAD8C8;
			remoteInfo = SocialLogin;
		};
/* End PBXContainerItemProxy section */

/* Begin PBXFileReference section */
		04F1D4E417313089BD002261 /* Pods_SocialLogin.framework */ = {isa = PBXFileReference; explicitFileType = wrapper.framework; includeInIndex = 0; path = Pods_SocialLogin.framework; sourceTree = BUILT_PRODUCTS_DIR; };
		08894AEBBFBC54178CC4872E /* Pods-SocialLogin.release.xcconfig */ = {isa = PBXFileReference; includeInIndex = 1; lastKnownFileType = text.xcconfig; name = "Pods-SocialLogin.release.xcconfig"; path = "Pods/Target Support Files/Pods-SocialLogin/Pods-SocialLogin.release.xcconfig"; sourceTree = "<group>"; };
		1F76D53A0ADBB5A88FCC7766 /* Pods_SocialLoginTests.framework */ = {isa = PBXFileReference; explicitFileType = wrapper.framework; includeInIndex = 0; path = Pods_SocialLoginTests.framework; sourceTree = BUILT_PRODUCTS_DIR; };
		4E710F02D75A56B7DC701441 /* Pods-SocialLoginTests.debug.xcconfig */ = {isa = PBXFileReference; includeInIndex = 1; lastKnownFileType = text.xcconfig; name = "Pods-SocialLoginTests.debug.xcconfig"; path = "Pods/Target Support Files/Pods-SocialLoginTests/Pods-SocialLoginTests.debug.xcconfig"; sourceTree = "<group>"; };
		54A6C93F1E916FB40099F747 /* FeedTableViewController.swift */ = {isa = PBXFileReference; fileEncoding = 4; lastKnownFileType = sourcecode.swift; path = FeedTableViewController.swift; sourceTree = "<group>"; };
		54A6C9411E9176820099F747 /* Feed.swift */ = {isa = PBXFileReference; fileEncoding = 4; lastKnownFileType = sourcecode.swift; path = Feed.swift; sourceTree = "<group>"; };
		54B0A7F31E8D95BC00C5BE7D /* FeedTableViewCell.swift */ = {isa = PBXFileReference; fileEncoding = 4; lastKnownFileType = sourcecode.swift; path = FeedTableViewCell.swift; sourceTree = "<group>"; };
		54E429E51E9164370071711C /* Constants.swift */ = {isa = PBXFileReference; fileEncoding = 4; lastKnownFileType = sourcecode.swift; path = Constants.swift; sourceTree = "<group>"; };
		5AE0D87DC20781EA895CD488 /* Pods-SocialLogin.debug.xcconfig */ = {isa = PBXFileReference; includeInIndex = 1; lastKnownFileType = text.xcconfig; name = "Pods-SocialLogin.debug.xcconfig"; path = "Pods/Target Support Files/Pods-SocialLogin/Pods-SocialLogin.debug.xcconfig"; sourceTree = "<group>"; };
		B90E8ED26B7CBDE03A8AF83C /* Pods-SocialLoginTests.release.xcconfig */ = {isa = PBXFileReference; includeInIndex = 1; lastKnownFileType = text.xcconfig; name = "Pods-SocialLoginTests.release.xcconfig"; path = "Pods/Target Support Files/Pods-SocialLoginTests/Pods-SocialLoginTests.release.xcconfig"; sourceTree = "<group>"; };
		C935430C1E773398000A6B3E /* User.swift */ = {isa = PBXFileReference; fileEncoding = 4; lastKnownFileType = sourcecode.swift; name = User.swift; path = SocialLogin/User.swift; sourceTree = "<group>"; };
		C939F0AE1E564D2E0091EE1C /* SocialLogin.entitlements */ = {isa = PBXFileReference; lastKnownFileType = text.plist.entitlements; path = SocialLogin.entitlements; sourceTree = "<group>"; };
		C9A2DC891E92DDE100147DC7 /* GoogleService-Info.plist */ = {isa = PBXFileReference; fileEncoding = 4; lastKnownFileType = text.plist.xml; name = "GoogleService-Info.plist"; path = "../../../../../Downloads/GoogleService-Info.plist"; sourceTree = "<group>"; };
		C9B440141E56453500EAD8C8 /* SocialLogin.app */ = {isa = PBXFileReference; explicitFileType = wrapper.application; includeInIndex = 0; path = SocialLogin.app; sourceTree = BUILT_PRODUCTS_DIR; };
		C9B440171E56453500EAD8C8 /* AppDelegate.swift */ = {isa = PBXFileReference; lastKnownFileType = sourcecode.swift; path = AppDelegate.swift; sourceTree = "<group>"; };
		C9B440191E56453500EAD8C8 /* ViewController.swift */ = {isa = PBXFileReference; lastKnownFileType = sourcecode.swift; path = ViewController.swift; sourceTree = "<group>"; };
		C9B4401C1E56453500EAD8C8 /* Base */ = {isa = PBXFileReference; lastKnownFileType = file.storyboard; name = Base; path = Base.lproj/Main.storyboard; sourceTree = "<group>"; };
		C9B4401E1E56453500EAD8C8 /* Assets.xcassets */ = {isa = PBXFileReference; lastKnownFileType = folder.assetcatalog; path = Assets.xcassets; sourceTree = "<group>"; };
		C9B440211E56453500EAD8C8 /* Base */ = {isa = PBXFileReference; lastKnownFileType = file.storyboard; name = Base; path = Base.lproj/LaunchScreen.storyboard; sourceTree = "<group>"; };
		C9B440231E56453500EAD8C8 /* Info.plist */ = {isa = PBXFileReference; lastKnownFileType = text.plist.xml; path = Info.plist; sourceTree = "<group>"; };
		C9B440281E56453500EAD8C8 /* SocialLoginTests.xctest */ = {isa = PBXFileReference; explicitFileType = wrapper.cfbundle; includeInIndex = 0; path = SocialLoginTests.xctest; sourceTree = BUILT_PRODUCTS_DIR; };
		C9B4402C1E56453500EAD8C8 /* SocialLoginTests.swift */ = {isa = PBXFileReference; lastKnownFileType = sourcecode.swift; path = SocialLoginTests.swift; sourceTree = "<group>"; };
		C9B4402E1E56453500EAD8C8 /* Info.plist */ = {isa = PBXFileReference; lastKnownFileType = text.plist.xml; path = Info.plist; sourceTree = "<group>"; };
		C9CFD7F51E799B8B00E9A038 /* SharedManager.swift */ = {isa = PBXFileReference; fileEncoding = 4; lastKnownFileType = sourcecode.swift; path = SharedManager.swift; sourceTree = "<group>"; };
		C9CFD7F71E799F9B00E9A038 /* UserInformationTableViewController.swift */ = {isa = PBXFileReference; fileEncoding = 4; lastKnownFileType = sourcecode.swift; path = UserInformationTableViewController.swift; sourceTree = "<group>"; };
		C9CFD7F91E79A02400E9A038 /* UserInformationTableViewCell.swift */ = {isa = PBXFileReference; fileEncoding = 4; lastKnownFileType = sourcecode.swift; path = UserInformationTableViewCell.swift; sourceTree = "<group>"; };
/* End PBXFileReference section */

/* Begin PBXFrameworksBuildPhase section */
		C9B440111E56453500EAD8C8 /* Frameworks */ = {
			isa = PBXFrameworksBuildPhase;
			buildActionMask = 2147483647;
			files = (
				F0FD75BD788363C4047DB1AE /* Pods_SocialLogin.framework in Frameworks */,
			);
			runOnlyForDeploymentPostprocessing = 0;
		};
		C9B440251E56453500EAD8C8 /* Frameworks */ = {
			isa = PBXFrameworksBuildPhase;
			buildActionMask = 2147483647;
			files = (
				37B93230C34C2FED28C786B8 /* Pods_SocialLoginTests.framework in Frameworks */,
			);
			runOnlyForDeploymentPostprocessing = 0;
		};
/* End PBXFrameworksBuildPhase section */

/* Begin PBXGroup section */
		C9B4400B1E56453400EAD8C8 = {
			isa = PBXGroup;
			children = (
				C9A2DC891E92DDE100147DC7 /* GoogleService-Info.plist */,
				C935430C1E773398000A6B3E /* User.swift */,
				C9B440161E56453500EAD8C8 /* SocialLogin */,
				C9B4402B1E56453500EAD8C8 /* SocialLoginTests */,
				C9B440151E56453500EAD8C8 /* Products */,
				E50D644B18B67486F8EB9719 /* Pods */,
				F25242F1ADFD90DFCEA38210 /* Frameworks */,
			);
			sourceTree = "<group>";
		};
		C9B440151E56453500EAD8C8 /* Products */ = {
			isa = PBXGroup;
			children = (
				C9B440141E56453500EAD8C8 /* SocialLogin.app */,
				C9B440281E56453500EAD8C8 /* SocialLoginTests.xctest */,
			);
			name = Products;
			sourceTree = "<group>";
		};
		C9B440161E56453500EAD8C8 /* SocialLogin */ = {
			isa = PBXGroup;
			children = (
				C939F0AE1E564D2E0091EE1C /* SocialLogin.entitlements */,
				C9B440171E56453500EAD8C8 /* AppDelegate.swift */,
				C9B440191E56453500EAD8C8 /* ViewController.swift */,
				C9B4401B1E56453500EAD8C8 /* Main.storyboard */,
				54B0A7F31E8D95BC00C5BE7D /* FeedTableViewCell.swift */,
				54A6C93F1E916FB40099F747 /* FeedTableViewController.swift */,
				54A6C9411E9176820099F747 /* Feed.swift */,
				C9CFD7F91E79A02400E9A038 /* UserInformationTableViewCell.swift */,
				C9CFD7F71E799F9B00E9A038 /* UserInformationTableViewController.swift */,
				C9B4401E1E56453500EAD8C8 /* Assets.xcassets */,
				C9B440201E56453500EAD8C8 /* LaunchScreen.storyboard */,
				C9B440231E56453500EAD8C8 /* Info.plist */,
				C9CFD7F51E799B8B00E9A038 /* SharedManager.swift */,
				54E429E51E9164370071711C /* Constants.swift */,
			);
			path = SocialLogin;
			sourceTree = "<group>";
		};
		C9B4402B1E56453500EAD8C8 /* SocialLoginTests */ = {
			isa = PBXGroup;
			children = (
				C9B4402C1E56453500EAD8C8 /* SocialLoginTests.swift */,
				C9B4402E1E56453500EAD8C8 /* Info.plist */,
			);
			path = SocialLoginTests;
			sourceTree = "<group>";
		};
		E50D644B18B67486F8EB9719 /* Pods */ = {
			isa = PBXGroup;
			children = (
				5AE0D87DC20781EA895CD488 /* Pods-SocialLogin.debug.xcconfig */,
				08894AEBBFBC54178CC4872E /* Pods-SocialLogin.release.xcconfig */,
				4E710F02D75A56B7DC701441 /* Pods-SocialLoginTests.debug.xcconfig */,
				B90E8ED26B7CBDE03A8AF83C /* Pods-SocialLoginTests.release.xcconfig */,
			);
			name = Pods;
			sourceTree = "<group>";
		};
		F25242F1ADFD90DFCEA38210 /* Frameworks */ = {
			isa = PBXGroup;
			children = (
				04F1D4E417313089BD002261 /* Pods_SocialLogin.framework */,
				1F76D53A0ADBB5A88FCC7766 /* Pods_SocialLoginTests.framework */,
			);
			name = Frameworks;
			sourceTree = "<group>";
		};
/* End PBXGroup section */

/* Begin PBXNativeTarget section */
		C9B440131E56453500EAD8C8 /* SocialLogin */ = {
			isa = PBXNativeTarget;
			buildConfigurationList = C9B440311E56453500EAD8C8 /* Build configuration list for PBXNativeTarget "SocialLogin" */;
			buildPhases = (
				28B533D100D5C061FFCB2176 /* [CP] Check Pods Manifest.lock */,
				C9B440101E56453500EAD8C8 /* Sources */,
				C9B440111E56453500EAD8C8 /* Frameworks */,
				C9B440121E56453500EAD8C8 /* Resources */,
				E0C0ABDDC0234429A7361880 /* [CP] Embed Pods Frameworks */,
				F0D208903D1D83F341756AE6 /* [CP] Copy Pods Resources */,
			);
			buildRules = (
			);
			dependencies = (
			);
			name = SocialLogin;
			productName = SocialLogin;
			productReference = C9B440141E56453500EAD8C8 /* SocialLogin.app */;
			productType = "com.apple.product-type.application";
		};
		C9B440271E56453500EAD8C8 /* SocialLoginTests */ = {
			isa = PBXNativeTarget;
			buildConfigurationList = C9B440341E56453500EAD8C8 /* Build configuration list for PBXNativeTarget "SocialLoginTests" */;
			buildPhases = (
				8EA7603BEB9F6AD0526479FE /* [CP] Check Pods Manifest.lock */,
				C9B440241E56453500EAD8C8 /* Sources */,
				C9B440251E56453500EAD8C8 /* Frameworks */,
				C9B440261E56453500EAD8C8 /* Resources */,
				79551CD87FEFBB547023CBF3 /* [CP] Embed Pods Frameworks */,
				F5924492AC7D0A4AED0FEDC7 /* [CP] Copy Pods Resources */,
			);
			buildRules = (
			);
			dependencies = (
				C9B4402A1E56453500EAD8C8 /* PBXTargetDependency */,
			);
			name = SocialLoginTests;
			productName = SocialLoginTests;
			productReference = C9B440281E56453500EAD8C8 /* SocialLoginTests.xctest */;
			productType = "com.apple.product-type.bundle.unit-test";
		};
/* End PBXNativeTarget section */

/* Begin PBXProject section */
		C9B4400C1E56453400EAD8C8 /* Project object */ = {
			isa = PBXProject;
			attributes = {
				LastSwiftUpdateCheck = 0820;
				LastUpgradeCheck = 0820;
				ORGANIZATIONNAME = "Cathy Chi";
				TargetAttributes = {
					C9B440131E56453500EAD8C8 = {
						CreatedOnToolsVersion = 8.2.1;
						DevelopmentTeam = X77Y4987R5;
						ProvisioningStyle = Automatic;
						SystemCapabilities = {
							com.apple.Keychain = {
								enabled = 1;
							};
						};
					};
					C9B440271E56453500EAD8C8 = {
						CreatedOnToolsVersion = 8.2.1;
						ProvisioningStyle = Automatic;
						TestTargetID = C9B440131E56453500EAD8C8;
					};
				};
			};
			buildConfigurationList = C9B4400F1E56453400EAD8C8 /* Build configuration list for PBXProject "SocialLogin" */;
			compatibilityVersion = "Xcode 3.2";
			developmentRegion = English;
			hasScannedForEncodings = 0;
			knownRegions = (
				en,
				Base,
			);
			mainGroup = C9B4400B1E56453400EAD8C8;
			productRefGroup = C9B440151E56453500EAD8C8 /* Products */;
			projectDirPath = "";
			projectRoot = "";
			targets = (
				C9B440131E56453500EAD8C8 /* SocialLogin */,
				C9B440271E56453500EAD8C8 /* SocialLoginTests */,
			);
		};
/* End PBXProject section */

/* Begin PBXResourcesBuildPhase section */
		C9B440121E56453500EAD8C8 /* Resources */ = {
			isa = PBXResourcesBuildPhase;
			buildActionMask = 2147483647;
			files = (
				C9B440221E56453500EAD8C8 /* LaunchScreen.storyboard in Resources */,
				C9A2DC8A1E92DDE100147DC7 /* GoogleService-Info.plist in Resources */,
				C9B4401F1E56453500EAD8C8 /* Assets.xcassets in Resources */,
				C9B4401D1E56453500EAD8C8 /* Main.storyboard in Resources */,
			);
			runOnlyForDeploymentPostprocessing = 0;
		};
		C9B440261E56453500EAD8C8 /* Resources */ = {
			isa = PBXResourcesBuildPhase;
			buildActionMask = 2147483647;
			files = (
			);
			runOnlyForDeploymentPostprocessing = 0;
		};
/* End PBXResourcesBuildPhase section */

/* Begin PBXShellScriptBuildPhase section */
		28B533D100D5C061FFCB2176 /* [CP] Check Pods Manifest.lock */ = {
			isa = PBXShellScriptBuildPhase;
			buildActionMask = 2147483647;
			files = (
			);
			inputPaths = (
			);
			name = "[CP] Check Pods Manifest.lock";
			outputPaths = (
			);
			runOnlyForDeploymentPostprocessing = 0;
			shellPath = /bin/sh;
			shellScript = "diff \"${PODS_ROOT}/../Podfile.lock\" \"${PODS_ROOT}/Manifest.lock\" > /dev/null\nif [ $? != 0 ] ; then\n    # print error to STDERR\n    echo \"error: The sandbox is not in sync with the Podfile.lock. Run 'pod install' or update your CocoaPods installation.\" >&2\n    exit 1\nfi\n";
			showEnvVarsInLog = 0;
		};
		79551CD87FEFBB547023CBF3 /* [CP] Embed Pods Frameworks */ = {
			isa = PBXShellScriptBuildPhase;
			buildActionMask = 2147483647;
			files = (
			);
			inputPaths = (
			);
			name = "[CP] Embed Pods Frameworks";
			outputPaths = (
			);
			runOnlyForDeploymentPostprocessing = 0;
			shellPath = /bin/sh;
			shellScript = "\"${SRCROOT}/Pods/Target Support Files/Pods-SocialLoginTests/Pods-SocialLoginTests-frameworks.sh\"\n";
			showEnvVarsInLog = 0;
		};
		8EA7603BEB9F6AD0526479FE /* [CP] Check Pods Manifest.lock */ = {
			isa = PBXShellScriptBuildPhase;
			buildActionMask = 2147483647;
			files = (
			);
			inputPaths = (
			);
			name = "[CP] Check Pods Manifest.lock";
			outputPaths = (
			);
			runOnlyForDeploymentPostprocessing = 0;
			shellPath = /bin/sh;
			shellScript = "diff \"${PODS_ROOT}/../Podfile.lock\" \"${PODS_ROOT}/Manifest.lock\" > /dev/null\nif [ $? != 0 ] ; then\n    # print error to STDERR\n    echo \"error: The sandbox is not in sync with the Podfile.lock. Run 'pod install' or update your CocoaPods installation.\" >&2\n    exit 1\nfi\n";
			showEnvVarsInLog = 0;
		};
		E0C0ABDDC0234429A7361880 /* [CP] Embed Pods Frameworks */ = {
			isa = PBXShellScriptBuildPhase;
			buildActionMask = 2147483647;
			files = (
			);
			inputPaths = (
			);
			name = "[CP] Embed Pods Frameworks";
			outputPaths = (
			);
			runOnlyForDeploymentPostprocessing = 0;
			shellPath = /bin/sh;
			shellScript = "\"${SRCROOT}/Pods/Target Support Files/Pods-SocialLogin/Pods-SocialLogin-frameworks.sh\"\n";
			showEnvVarsInLog = 0;
		};
		F0D208903D1D83F341756AE6 /* [CP] Copy Pods Resources */ = {
			isa = PBXShellScriptBuildPhase;
			buildActionMask = 2147483647;
			files = (
			);
			inputPaths = (
			);
			name = "[CP] Copy Pods Resources";
			outputPaths = (
			);
			runOnlyForDeploymentPostprocessing = 0;
			shellPath = /bin/sh;
			shellScript = "\"${SRCROOT}/Pods/Target Support Files/Pods-SocialLogin/Pods-SocialLogin-resources.sh\"\n";
			showEnvVarsInLog = 0;
		};
		F5924492AC7D0A4AED0FEDC7 /* [CP] Copy Pods Resources */ = {
			isa = PBXShellScriptBuildPhase;
			buildActionMask = 2147483647;
			files = (
			);
			inputPaths = (
			);
			name = "[CP] Copy Pods Resources";
			outputPaths = (
			);
			runOnlyForDeploymentPostprocessing = 0;
			shellPath = /bin/sh;
			shellScript = "\"${SRCROOT}/Pods/Target Support Files/Pods-SocialLoginTests/Pods-SocialLoginTests-resources.sh\"\n";
			showEnvVarsInLog = 0;
		};
/* End PBXShellScriptBuildPhase section */

/* Begin PBXSourcesBuildPhase section */
		C9B440101E56453500EAD8C8 /* Sources */ = {
			isa = PBXSourcesBuildPhase;
			buildActionMask = 2147483647;
			files = (
				C9CFD7F61E799B8B00E9A038 /* SharedManager.swift in Sources */,
				C9CFD7FA1E79A02400E9A038 /* UserInformationTableViewCell.swift in Sources */,
				54B0A7F41E8D95BC00C5BE7D /* FeedTableViewCell.swift in Sources */,
				54A6C9421E9176820099F747 /* Feed.swift in Sources */,
				54E429E61E9164370071711C /* Constants.swift in Sources */,
				C9B4401A1E56453500EAD8C8 /* ViewController.swift in Sources */,
				C9B440181E56453500EAD8C8 /* AppDelegate.swift in Sources */,
				54A6C9401E916FB40099F747 /* FeedTableViewController.swift in Sources */,
				C935430D1E773398000A6B3E /* User.swift in Sources */,
				C9CFD7F81E799F9B00E9A038 /* UserInformationTableViewController.swift in Sources */,
			);
			runOnlyForDeploymentPostprocessing = 0;
		};
		C9B440241E56453500EAD8C8 /* Sources */ = {
			isa = PBXSourcesBuildPhase;
			buildActionMask = 2147483647;
			files = (
				C9B4402D1E56453500EAD8C8 /* SocialLoginTests.swift in Sources */,
			);
			runOnlyForDeploymentPostprocessing = 0;
		};
/* End PBXSourcesBuildPhase section */

/* Begin PBXTargetDependency section */
		C9B4402A1E56453500EAD8C8 /* PBXTargetDependency */ = {
			isa = PBXTargetDependency;
			target = C9B440131E56453500EAD8C8 /* SocialLogin */;
			targetProxy = C9B440291E56453500EAD8C8 /* PBXContainerItemProxy */;
		};
/* End PBXTargetDependency section */

/* Begin PBXVariantGroup section */
		C9B4401B1E56453500EAD8C8 /* Main.storyboard */ = {
			isa = PBXVariantGroup;
			children = (
				C9B4401C1E56453500EAD8C8 /* Base */,
			);
			name = Main.storyboard;
			sourceTree = "<group>";
		};
		C9B440201E56453500EAD8C8 /* LaunchScreen.storyboard */ = {
			isa = PBXVariantGroup;
			children = (
				C9B440211E56453500EAD8C8 /* Base */,
			);
			name = LaunchScreen.storyboard;
			sourceTree = "<group>";
		};
/* End PBXVariantGroup section */

/* Begin XCBuildConfiguration section */
		C9B4402F1E56453500EAD8C8 /* Debug */ = {
			isa = XCBuildConfiguration;
			buildSettings = {
				ALWAYS_SEARCH_USER_PATHS = NO;
				CLANG_ANALYZER_NONNULL = YES;
				CLANG_CXX_LANGUAGE_STANDARD = "gnu++0x";
				CLANG_CXX_LIBRARY = "libc++";
				CLANG_ENABLE_MODULES = YES;
				CLANG_ENABLE_OBJC_ARC = YES;
				CLANG_WARN_BOOL_CONVERSION = YES;
				CLANG_WARN_CONSTANT_CONVERSION = YES;
				CLANG_WARN_DIRECT_OBJC_ISA_USAGE = YES_ERROR;
				CLANG_WARN_DOCUMENTATION_COMMENTS = YES;
				CLANG_WARN_EMPTY_BODY = YES;
				CLANG_WARN_ENUM_CONVERSION = YES;
				CLANG_WARN_INFINITE_RECURSION = YES;
				CLANG_WARN_INT_CONVERSION = YES;
				CLANG_WARN_OBJC_ROOT_CLASS = YES_ERROR;
				CLANG_WARN_SUSPICIOUS_MOVE = YES;
				CLANG_WARN_UNREACHABLE_CODE = YES;
				CLANG_WARN__DUPLICATE_METHOD_MATCH = YES;
				"CODE_SIGN_IDENTITY[sdk=iphoneos*]" = "iPhone Developer";
				COPY_PHASE_STRIP = NO;
				DEBUG_INFORMATION_FORMAT = dwarf;
				ENABLE_STRICT_OBJC_MSGSEND = YES;
				ENABLE_TESTABILITY = YES;
				GCC_C_LANGUAGE_STANDARD = gnu99;
				GCC_DYNAMIC_NO_PIC = NO;
				GCC_NO_COMMON_BLOCKS = YES;
				GCC_OPTIMIZATION_LEVEL = 0;
				GCC_PREPROCESSOR_DEFINITIONS = (
					"DEBUG=1",
					"$(inherited)",
				);
				GCC_WARN_64_TO_32_BIT_CONVERSION = YES;
				GCC_WARN_ABOUT_RETURN_TYPE = YES_ERROR;
				GCC_WARN_UNDECLARED_SELECTOR = YES;
				GCC_WARN_UNINITIALIZED_AUTOS = YES_AGGRESSIVE;
				GCC_WARN_UNUSED_FUNCTION = YES;
				GCC_WARN_UNUSED_VARIABLE = YES;
				IPHONEOS_DEPLOYMENT_TARGET = 10.2;
				MTL_ENABLE_DEBUG_INFO = YES;
				ONLY_ACTIVE_ARCH = YES;
				SDKROOT = iphoneos;
				SWIFT_ACTIVE_COMPILATION_CONDITIONS = DEBUG;
				SWIFT_OPTIMIZATION_LEVEL = "-Onone";
				TARGETED_DEVICE_FAMILY = "1,2";
			};
			name = Debug;
		};
		C9B440301E56453500EAD8C8 /* Release */ = {
			isa = XCBuildConfiguration;
			buildSettings = {
				ALWAYS_SEARCH_USER_PATHS = NO;
				CLANG_ANALYZER_NONNULL = YES;
				CLANG_CXX_LANGUAGE_STANDARD = "gnu++0x";
				CLANG_CXX_LIBRARY = "libc++";
				CLANG_ENABLE_MODULES = YES;
				CLANG_ENABLE_OBJC_ARC = YES;
				CLANG_WARN_BOOL_CONVERSION = YES;
				CLANG_WARN_CONSTANT_CONVERSION = YES;
				CLANG_WARN_DIRECT_OBJC_ISA_USAGE = YES_ERROR;
				CLANG_WARN_DOCUMENTATION_COMMENTS = YES;
				CLANG_WARN_EMPTY_BODY = YES;
				CLANG_WARN_ENUM_CONVERSION = YES;
				CLANG_WARN_INFINITE_RECURSION = YES;
				CLANG_WARN_INT_CONVERSION = YES;
				CLANG_WARN_OBJC_ROOT_CLASS = YES_ERROR;
				CLANG_WARN_SUSPICIOUS_MOVE = YES;
				CLANG_WARN_UNREACHABLE_CODE = YES;
				CLANG_WARN__DUPLICATE_METHOD_MATCH = YES;
				"CODE_SIGN_IDENTITY[sdk=iphoneos*]" = "iPhone Developer";
				COPY_PHASE_STRIP = NO;
				DEBUG_INFORMATION_FORMAT = "dwarf-with-dsym";
				ENABLE_NS_ASSERTIONS = NO;
				ENABLE_STRICT_OBJC_MSGSEND = YES;
				GCC_C_LANGUAGE_STANDARD = gnu99;
				GCC_NO_COMMON_BLOCKS = YES;
				GCC_WARN_64_TO_32_BIT_CONVERSION = YES;
				GCC_WARN_ABOUT_RETURN_TYPE = YES_ERROR;
				GCC_WARN_UNDECLARED_SELECTOR = YES;
				GCC_WARN_UNINITIALIZED_AUTOS = YES_AGGRESSIVE;
				GCC_WARN_UNUSED_FUNCTION = YES;
				GCC_WARN_UNUSED_VARIABLE = YES;
				IPHONEOS_DEPLOYMENT_TARGET = 10.2;
				MTL_ENABLE_DEBUG_INFO = NO;
				SDKROOT = iphoneos;
				SWIFT_OPTIMIZATION_LEVEL = "-Owholemodule";
				TARGETED_DEVICE_FAMILY = "1,2";
				VALIDATE_PRODUCT = YES;
			};
			name = Release;
		};
		C9B440321E56453500EAD8C8 /* Debug */ = {
			isa = XCBuildConfiguration;
			baseConfigurationReference = 5AE0D87DC20781EA895CD488 /* Pods-SocialLogin.debug.xcconfig */;
			buildSettings = {
				ASSETCATALOG_COMPILER_APPICON_NAME = AppIcon;
				CODE_SIGN_ENTITLEMENTS = SocialLogin/SocialLogin.entitlements;
				DEVELOPMENT_TEAM = X77Y4987R5;
				INFOPLIST_FILE = SocialLogin/Info.plist;
				LD_RUNPATH_SEARCH_PATHS = "$(inherited) @executable_path/Frameworks";
				PRODUCT_BUNDLE_IDENTIFIER = com.example.SocialLogin;
				PRODUCT_NAME = "$(TARGET_NAME)";
				SWIFT_VERSION = 3.0;
			};
			name = Debug;
		};
		C9B440331E56453500EAD8C8 /* Release */ = {
			isa = XCBuildConfiguration;
			baseConfigurationReference = 08894AEBBFBC54178CC4872E /* Pods-SocialLogin.release.xcconfig */;
			buildSettings = {
				ASSETCATALOG_COMPILER_APPICON_NAME = AppIcon;
				CODE_SIGN_ENTITLEMENTS = SocialLogin/SocialLogin.entitlements;
				DEVELOPMENT_TEAM = X77Y4987R5;
				INFOPLIST_FILE = SocialLogin/Info.plist;
				LD_RUNPATH_SEARCH_PATHS = "$(inherited) @executable_path/Frameworks";
				PRODUCT_BUNDLE_IDENTIFIER = com.example.SocialLogin;
				PRODUCT_NAME = "$(TARGET_NAME)";
				SWIFT_VERSION = 3.0;
			};
			name = Release;
		};
		C9B440351E56453500EAD8C8 /* Debug */ = {
			isa = XCBuildConfiguration;
			baseConfigurationReference = 4E710F02D75A56B7DC701441 /* Pods-SocialLoginTests.debug.xcconfig */;
			buildSettings = {
				ALWAYS_EMBED_SWIFT_STANDARD_LIBRARIES = YES;
				BUNDLE_LOADER = "$(TEST_HOST)";
				INFOPLIST_FILE = SocialLoginTests/Info.plist;
				LD_RUNPATH_SEARCH_PATHS = "$(inherited) @executable_path/Frameworks @loader_path/Frameworks";
				PRODUCT_BUNDLE_IDENTIFIER = com.example.SocialLoginTests;
				PRODUCT_NAME = "$(TARGET_NAME)";
				SWIFT_VERSION = 3.0;
				TEST_HOST = "$(BUILT_PRODUCTS_DIR)/SocialLogin.app/SocialLogin";
			};
			name = Debug;
		};
		C9B440361E56453500EAD8C8 /* Release */ = {
			isa = XCBuildConfiguration;
			baseConfigurationReference = B90E8ED26B7CBDE03A8AF83C /* Pods-SocialLoginTests.release.xcconfig */;
			buildSettings = {
				ALWAYS_EMBED_SWIFT_STANDARD_LIBRARIES = YES;
				BUNDLE_LOADER = "$(TEST_HOST)";
				INFOPLIST_FILE = SocialLoginTests/Info.plist;
				LD_RUNPATH_SEARCH_PATHS = "$(inherited) @executable_path/Frameworks @loader_path/Frameworks";
				PRODUCT_BUNDLE_IDENTIFIER = com.example.SocialLoginTests;
				PRODUCT_NAME = "$(TARGET_NAME)";
				SWIFT_VERSION = 3.0;
				TEST_HOST = "$(BUILT_PRODUCTS_DIR)/SocialLogin.app/SocialLogin";
			};
			name = Release;
		};
/* End XCBuildConfiguration section */

/* Begin XCConfigurationList section */
		C9B4400F1E56453400EAD8C8 /* Build configuration list for PBXProject "SocialLogin" */ = {
			isa = XCConfigurationList;
			buildConfigurations = (
				C9B4402F1E56453500EAD8C8 /* Debug */,
				C9B440301E56453500EAD8C8 /* Release */,
			);
			defaultConfigurationIsVisible = 0;
			defaultConfigurationName = Release;
		};
		C9B440311E56453500EAD8C8 /* Build configuration list for PBXNativeTarget "SocialLogin" */ = {
			isa = XCConfigurationList;
			buildConfigurations = (
				C9B440321E56453500EAD8C8 /* Debug */,
				C9B440331E56453500EAD8C8 /* Release */,
			);
			defaultConfigurationIsVisible = 0;
			defaultConfigurationName = Release;
		};
		C9B440341E56453500EAD8C8 /* Build configuration list for PBXNativeTarget "SocialLoginTests" */ = {
			isa = XCConfigurationList;
			buildConfigurations = (
				C9B440351E56453500EAD8C8 /* Debug */,
				C9B440361E56453500EAD8C8 /* Release */,
			);
			defaultConfigurationIsVisible = 0;
			defaultConfigurationName = Release;
		};
/* End XCConfigurationList section */
	};
	rootObject = C9B4400C1E56453400EAD8C8 /* Project object */;
}
